
Microsoft Visual Studio Solution File, Format Version 12.00
# Visual Studio Version 17
VisualStudioVersion = 17.5.33627.172
MinimumVisualStudioVersion = 10.0.40219.1
Project("{2150E333-8FDC-42A3-9474-1A3956D46DE8}") = "Api", "Api", "{E45E19B7-267D-4C03-A695-F99BBEA58154}"
EndProject
Project("{2150E333-8FDC-42A3-9474-1A3956D46DE8}") = "Extension", "Extension", "{85B017E3-BCC4-4CD9-A345-F3A750FF865C}"
EndProject
Project("{2150E333-8FDC-42A3-9474-1A3956D46DE8}") = "Models", "Models", "{288033BE-E81D-4B41-8FD0-8D0907C00F7B}"
EndProject
Project("{2150E333-8FDC-42A3-9474-1A3956D46DE8}") = "Orm", "Orm", "{4533A82D-CF42-4966-B009-1F904B74C8C1}"
EndProject
Project("{2150E333-8FDC-42A3-9474-1A3956D46DE8}") = "Services", "Services", "{43C3A4D3-138E-4E75-AB9A-8F5652974E32}"
EndProject
Project("{2150E333-8FDC-42A3-9474-1A3956D46DE8}") = "Web", "Web", "{68407C89-DD87-4EDF-B8AD-DCCF9CD1E7A7}"
EndProject
Project("{9A19103F-16F7-4668-BE54-9A1E7A4F7556}") = "Core", "Core\Core.csproj", "{0904FEFB-2BD2-4B7A-93D1-53B21282535D}"
EndProject
Project("{9A19103F-16F7-4668-BE54-9A1E7A4F7556}") = "MvcCore.Extension", "MvcCore.Extension\MvcCore.Extension.csproj", "{A0C8E704-5768-4D29-8463-5EAA5AFC8022}"
EndProject
Project("{9A19103F-16F7-4668-BE54-9A1E7A4F7556}") = "Model", "Model\Model.csproj", "{BB5E7486-AE90-4DD0-8027-D6AB797C4E19}"
EndProject
Project("{9A19103F-16F7-4668-BE54-9A1E7A4F7556}") = "ViewModel", "ViewModel\ViewModel.csproj", "{F307A862-7BDA-40DA-91FE-BF8C1F2FE269}"
EndProject
Project("{9A19103F-16F7-4668-BE54-9A1E7A4F7556}") = "Kogel.Dapper.Extension", "Kogel.Dapper.Extension\Kogel.Dapper.Extension.csproj", "{EF4CC9D8-6649-4642-9BDD-7FFAABD1A14E}"
EndProject
Project("{9A19103F-16F7-4668-BE54-9A1E7A4F7556}") = "Kogel.Dapper.Extension.Mssql", "Kogel.Dapper.Extension.Mssql\Kogel.Dapper.Extension.Mssql.csproj", "{1BFC6327-2FD2-41DE-A47D-0DE742E5AC82}"
EndProject
Project("{9A19103F-16F7-4668-BE54-9A1E7A4F7556}") = "Kogel.Repository", "Kogel.Repository\Kogel.Repository.csproj", "{EC64D205-C8DC-4524-832A-2F4C14735D6B}"
EndProject
Project("{9A19103F-16F7-4668-BE54-9A1E7A4F7556}") = "Project.AppApi", "Project.AppApi\Project.AppApi.csproj", "{DCB760C2-02A0-4FB4-AA44-529C15F4919A}"
EndProject
Project("{9A19103F-16F7-4668-BE54-9A1E7A4F7556}") = "IService", "IService\IService.csproj", "{EA97638B-743F-4135-80E8-152111D70157}"
EndProject
Project("{9A19103F-16F7-4668-BE54-9A1E7A4F7556}") = "Service", "Service\Service.csproj", "{D581AC0C-B5C4-46EB-B9A5-4DF2E76B323A}"
EndProject
Global
	GlobalSection(SolutionConfigurationPlatforms) = preSolution
		Debug|Any CPU = Debug|Any CPU
		Release|Any CPU = Release|Any CPU
		ReleaseSigned|Any CPU = ReleaseSigned|Any CPU
	EndGlobalSection
	GlobalSection(ProjectConfigurationPlatforms) = postSolution
		{0904FEFB-2BD2-4B7A-93D1-53B21282535D}.Debug|Any CPU.ActiveCfg = Debug|Any CPU
		{0904FEFB-2BD2-4B7A-93D1-53B21282535D}.Debug|Any CPU.Build.0 = Debug|Any CPU
		{0904FEFB-2BD2-4B7A-93D1-53B21282535D}.Release|Any CPU.ActiveCfg = Release|Any CPU
		{0904FEFB-2BD2-4B7A-93D1-53B21282535D}.Release|Any CPU.Build.0 = Release|Any CPU
		{0904FEFB-2BD2-4B7A-93D1-53B21282535D}.ReleaseSigned|Any CPU.ActiveCfg = Release|Any CPU
		{0904FEFB-2BD2-4B7A-93D1-53B21282535D}.ReleaseSigned|Any CPU.Build.0 = Release|Any CPU
		{A0C8E704-5768-4D29-8463-5EAA5AFC8022}.Debug|Any CPU.ActiveCfg = Debug|Any CPU
		{A0C8E704-5768-4D29-8463-5EAA5AFC8022}.Debug|Any CPU.Build.0 = Debug|Any CPU
		{A0C8E704-5768-4D29-8463-5EAA5AFC8022}.Release|Any CPU.ActiveCfg = Release|Any CPU
		{A0C8E704-5768-4D29-8463-5EAA5AFC8022}.Release|Any CPU.Build.0 = Release|Any CPU
		{A0C8E704-5768-4D29-8463-5EAA5AFC8022}.ReleaseSigned|Any CPU.ActiveCfg = Release|Any CPU
		{A0C8E704-5768-4D29-8463-5EAA5AFC8022}.ReleaseSigned|Any CPU.Build.0 = Release|Any CPU
		{BB5E7486-AE90-4DD0-8027-D6AB797C4E19}.Debug|Any CPU.ActiveCfg = Debug|Any CPU
		{BB5E7486-AE90-4DD0-8027-D6AB797C4E19}.Debug|Any CPU.Build.0 = Debug|Any CPU
		{BB5E7486-AE90-4DD0-8027-D6AB797C4E19}.Release|Any CPU.ActiveCfg = Release|Any CPU
		{BB5E7486-AE90-4DD0-8027-D6AB797C4E19}.Release|Any CPU.Build.0 = Release|Any CPU
		{BB5E7486-AE90-4DD0-8027-D6AB797C4E19}.ReleaseSigned|Any CPU.ActiveCfg = Release|Any CPU
		{BB5E7486-AE90-4DD0-8027-D6AB797C4E19}.ReleaseSigned|Any CPU.Build.0 = Release|Any CPU
		{F307A862-7BDA-40DA-91FE-BF8C1F2FE269}.Debug|Any CPU.ActiveCfg = Debug|Any CPU
		{F307A862-7BDA-40DA-91FE-BF8C1F2FE269}.Debug|Any CPU.Build.0 = Debug|Any CPU
		{F307A862-7BDA-40DA-91FE-BF8C1F2FE269}.Release|Any CPU.ActiveCfg = Release|Any CPU
		{F307A862-7BDA-40DA-91FE-BF8C1F2FE269}.Release|Any CPU.Build.0 = Release|Any CPU
		{F307A862-7BDA-40DA-91FE-BF8C1F2FE269}.ReleaseSigned|Any CPU.ActiveCfg = Release|Any CPU
		{F307A862-7BDA-40DA-91FE-BF8C1F2FE269}.ReleaseSigned|Any CPU.Build.0 = Release|Any CPU
		{EF4CC9D8-6649-4642-9BDD-7FFAABD1A14E}.Debug|Any CPU.ActiveCfg = Debug|Any CPU
		{EF4CC9D8-6649-4642-9BDD-7FFAABD1A14E}.Debug|Any CPU.Build.0 = Debug|Any CPU
		{EF4CC9D8-6649-4642-9BDD-7FFAABD1A14E}.Release|Any CPU.ActiveCfg = Release|Any CPU
		{EF4CC9D8-6649-4642-9BDD-7FFAABD1A14E}.Release|Any CPU.Build.0 = Release|Any CPU
		{EF4CC9D8-6649-4642-9BDD-7FFAABD1A14E}.ReleaseSigned|Any CPU.ActiveCfg = Release|Any CPU
		{EF4CC9D8-6649-4642-9BDD-7FFAABD1A14E}.ReleaseSigned|Any CPU.Build.0 = Release|Any CPU
		{1BFC6327-2FD2-41DE-A47D-0DE742E5AC82}.Debug|Any CPU.ActiveCfg = Debug|Any CPU
		{1BFC6327-2FD2-41DE-A47D-0DE742E5AC82}.Debug|Any CPU.Build.0 = Debug|Any CPU
		{1BFC6327-2FD2-41DE-A47D-0DE742E5AC82}.Release|Any CPU.ActiveCfg = Release|Any CPU
		{1BFC6327-2FD2-41DE-A47D-0DE742E5AC82}.Release|Any CPU.Build.0 = Release|Any CPU
		{1BFC6327-2FD2-41DE-A47D-0DE742E5AC82}.ReleaseSigned|Any CPU.ActiveCfg = Release|Any CPU
		{1BFC6327-2FD2-41DE-A47D-0DE742E5AC82}.ReleaseSigned|Any CPU.Build.0 = Release|Any CPU
		{EC64D205-C8DC-4524-832A-2F4C14735D6B}.Debug|Any CPU.ActiveCfg = Debug|Any CPU
		{EC64D205-C8DC-4524-832A-2F4C14735D6B}.Debug|Any CPU.Build.0 = Debug|Any CPU
		{EC64D205-C8DC-4524-832A-2F4C14735D6B}.Release|Any CPU.ActiveCfg = Release|Any CPU
		{EC64D205-C8DC-4524-832A-2F4C14735D6B}.Release|Any CPU.Build.0 = Release|Any CPU
		{EC64D205-C8DC-4524-832A-2F4C14735D6B}.ReleaseSigned|Any CPU.ActiveCfg = Release|Any CPU
		{EC64D205-C8DC-4524-832A-2F4C14735D6B}.ReleaseSigned|Any CPU.Build.0 = Release|Any CPU
		{DCB760C2-02A0-4FB4-AA44-529C15F4919A}.Debug|Any CPU.ActiveCfg = Debug|Any CPU
		{DCB760C2-02A0-4FB4-AA44-529C15F4919A}.Debug|Any CPU.Build.0 = Debug|Any CPU
		{DCB760C2-02A0-4FB4-AA44-529C15F4919A}.Release|Any CPU.ActiveCfg = Release|Any CPU
		{DCB760C2-02A0-4FB4-AA44-529C15F4919A}.Release|Any CPU.Build.0 = Release|Any CPU
		{DCB760C2-02A0-4FB4-AA44-529C15F4919A}.ReleaseSigned|Any CPU.ActiveCfg = Release|Any CPU
		{DCB760C2-02A0-4FB4-AA44-529C15F4919A}.ReleaseSigned|Any CPU.Build.0 = Release|Any CPU
		{EA97638B-743F-4135-80E8-152111D70157}.Debug|Any CPU.ActiveCfg = Debug|Any CPU
		{EA97638B-743F-4135-80E8-152111D70157}.Debug|Any CPU.Build.0 = Debug|Any CPU
		{EA97638B-743F-4135-80E8-152111D70157}.Release|Any CPU.ActiveCfg = Release|Any CPU
		{EA97638B-743F-4135-80E8-152111D70157}.Release|Any CPU.Build.0 = Release|Any CPU
		{EA97638B-743F-4135-80E8-152111D70157}.ReleaseSigned|Any CPU.ActiveCfg = Release|Any CPU
		{EA97638B-743F-4135-80E8-152111D70157}.ReleaseSigned|Any CPU.Build.0 = Release|Any CPU
		{D581AC0C-B5C4-46EB-B9A5-4DF2E76B323A}.Debug|Any CPU.ActiveCfg = Debug|Any CPU
		{D581AC0C-B5C4-46EB-B9A5-4DF2E76B323A}.Debug|Any CPU.Build.0 = Debug|Any CPU
		{D581AC0C-B5C4-46EB-B9A5-4DF2E76B323A}.Release|Any CPU.ActiveCfg = Release|Any CPU
		{D581AC0C-B5C4-46EB-B9A5-4DF2E76B323A}.Release|Any CPU.Build.0 = Release|Any CPU
		{D581AC0C-B5C4-46EB-B9A5-4DF2E76B323A}.ReleaseSigned|Any CPU.ActiveCfg = Release|Any CPU
		{D581AC0C-B5C4-46EB-B9A5-4DF2E76B323A}.ReleaseSigned|Any CPU.Build.0 = Release|Any CPU
	EndGlobalSection
	GlobalSection(SolutionProperties) = preSolution
		HideSolutionNode = FALSE
	EndGlobalSection
	GlobalSection(NestedProjects) = preSolution
		{0904FEFB-2BD2-4B7A-93D1-53B21282535D} = {85B017E3-BCC4-4CD9-A345-F3A750FF865C}
		{A0C8E704-5768-4D29-8463-5EAA5AFC8022} = {85B017E3-BCC4-4CD9-A345-F3A750FF865C}
		{BB5E7486-AE90-4DD0-8027-D6AB797C4E19} = {288033BE-E81D-4B41-8FD0-8D0907C00F7B}
		{F307A862-7BDA-40DA-91FE-BF8C1F2FE269} = {288033BE-E81D-4B41-8FD0-8D0907C00F7B}
		{EF4CC9D8-6649-4642-9BDD-7FFAABD1A14E} = {4533A82D-CF42-4966-B009-1F904B74C8C1}
		{1BFC6327-2FD2-41DE-A47D-0DE742E5AC82} = {4533A82D-CF42-4966-B009-1F904B74C8C1}
		{EC64D205-C8DC-4524-832A-2F4C14735D6B} = {4533A82D-CF42-4966-B009-1F904B74C8C1}
		{DCB760C2-02A0-4FB4-AA44-529C15F4919A} = {E45E19B7-267D-4C03-A695-F99BBEA58154}
		{EA97638B-743F-4135-80E8-152111D70157} = {43C3A4D3-138E-4E75-AB9A-8F5652974E32}
		{D581AC0C-B5C4-46EB-B9A5-4DF2E76B323A} = {43C3A4D3-138E-4E75-AB9A-8F5652974E32}
	EndGlobalSection
	GlobalSection(ExtensibilityGlobals) = postSolution
		SolutionGuid = {1B1F281D-5DC5-47A0-8B68-0446B2C7310D}
	EndGlobalSection
EndGlobal
